
Microsoft Visual Studio Solution File, Format Version 12.00
# Visual Studio 14
VisualStudioVersion = 14.0.23107.0
MinimumVisualStudioVersion = 10.0.40219.1
Project("{FAE04EC0-301F-11D3-BF4B-00C04F79EFBC}") = "Grit.Net.Common", "Grit.Net.Common\Grit.Net.Common.csproj", "{171641C9-D112-485C-B690-C10500D03369}"
EndProject
Project("{FAE04EC0-301F-11D3-BF4B-00C04F79EFBC}") = "Grit.Net.Common.Web", "Grit.Net.Common.Web\Grit.Net.Common.Web.csproj", "{7920DFB8-8248-4E54-AEFA-870F2C8B46CA}"
EndProject
Project("{FAE04EC0-301F-11D3-BF4B-00C04F79EFBC}") = "Grit.Net.Common.Log", "Grit.Net.Common.Log\Grit.Net.Common.Log.csproj", "{257979BA-0B5B-4173-9424-25E9EBE12A2F}"
EndProject
Project("{2150E333-8FDC-42A3-9474-1A3956D46DE8}") = "Grit.Net.DataAccess", "Grit.Net.DataAccess", "{F9C08C0B-8CCF-4BDA-B93D-57460401F4A5}"
EndProject
Project("{FAE04EC0-301F-11D3-BF4B-00C04F79EFBC}") = "Grit.Net.DataAccess", "Grit.Net.DataAccess\Grit.Net.DataAccess.csproj", "{81EE1A70-78C9-4588-B695-C8AAF5FEA164}"
EndProject
Project("{FAE04EC0-301F-11D3-BF4B-00C04F79EFBC}") = "Grit.Net.DataAccess.MySql", "Grit.Net.DataAccess.MySql\Grit.Net.DataAccess.MySql.csproj", "{FD16A0B9-D1BF-4653-BAF8-1508DD97E50A}"
EndProject
Project("{FAE04EC0-301F-11D3-BF4B-00C04F79EFBC}") = "Grit.Net.DataAccess.SqlClient", "Grit.Net.DataAccess.SqlClient\Grit.Net.DataAccess.SqlClient.csproj", "{9E25C208-01E5-4221-B456-6E2A83A678BB}"
EndProject
Project("{FAE04EC0-301F-11D3-BF4B-00C04F79EFBC}") = "Grit.Net.DataAccess.Npgsql", "Grit.Net.DataAccess.Npgsql\Grit.Net.DataAccess.Npgsql.csproj", "{0FB87EDE-A5B7-4400-8581-027AE3917652}"
EndProject
Global
	GlobalSection(SolutionConfigurationPlatforms) = preSolution
		Debug|Any CPU = Debug|Any CPU
		Release|Any CPU = Release|Any CPU
	EndGlobalSection
	GlobalSection(ProjectConfigurationPlatforms) = postSolution
		{171641C9-D112-485C-B690-C10500D03369}.Debug|Any CPU.ActiveCfg = Debug|Any CPU
		{171641C9-D112-485C-B690-C10500D03369}.Debug|Any CPU.Build.0 = Debug|Any CPU
		{171641C9-D112-485C-B690-C10500D03369}.Release|Any CPU.ActiveCfg = Release|Any CPU
		{171641C9-D112-485C-B690-C10500D03369}.Release|Any CPU.Build.0 = Release|Any CPU
		{7920DFB8-8248-4E54-AEFA-870F2C8B46CA}.Debug|Any CPU.ActiveCfg = Debug|Any CPU
		{7920DFB8-8248-4E54-AEFA-870F2C8B46CA}.Debug|Any CPU.Build.0 = Debug|Any CPU
		{7920DFB8-8248-4E54-AEFA-870F2C8B46CA}.Release|Any CPU.ActiveCfg = Release|Any CPU
		{7920DFB8-8248-4E54-AEFA-870F2C8B46CA}.Release|Any CPU.Build.0 = Release|Any CPU
		{257979BA-0B5B-4173-9424-25E9EBE12A2F}.Debug|Any CPU.ActiveCfg = Debug|Any CPU
		{257979BA-0B5B-4173-9424-25E9EBE12A2F}.Debug|Any CPU.Build.0 = Debug|Any CPU
		{257979BA-0B5B-4173-9424-25E9EBE12A2F}.Release|Any CPU.ActiveCfg = Release|Any CPU
		{257979BA-0B5B-4173-9424-25E9EBE12A2F}.Release|Any CPU.Build.0 = Release|Any CPU
		{81EE1A70-78C9-4588-B695-C8AAF5FEA164}.Debug|Any CPU.ActiveCfg = Debug|Any CPU
		{81EE1A70-78C9-4588-B695-C8AAF5FEA164}.Debug|Any CPU.Build.0 = Debug|Any CPU
		{81EE1A70-78C9-4588-B695-C8AAF5FEA164}.Release|Any CPU.ActiveCfg = Release|Any CPU
		{81EE1A70-78C9-4588-B695-C8AAF5FEA164}.Release|Any CPU.Build.0 = Release|Any CPU
		{FD16A0B9-D1BF-4653-BAF8-1508DD97E50A}.Debug|Any CPU.ActiveCfg = Debug|Any CPU
		{FD16A0B9-D1BF-4653-BAF8-1508DD97E50A}.Debug|Any CPU.Build.0 = Debug|Any CPU
		{FD16A0B9-D1BF-4653-BAF8-1508DD97E50A}.Release|Any CPU.ActiveCfg = Release|Any CPU
		{FD16A0B9-D1BF-4653-BAF8-1508DD97E50A}.Release|Any CPU.Build.0 = Release|Any CPU
		{9E25C208-01E5-4221-B456-6E2A83A678BB}.Debug|Any CPU.ActiveCfg = Debug|Any CPU
		{9E25C208-01E5-4221-B456-6E2A83A678BB}.Debug|Any CPU.Build.0 = Debug|Any CPU
		{9E25C208-01E5-4221-B456-6E2A83A678BB}.Release|Any CPU.ActiveCfg = Release|Any CPU
		{9E25C208-01E5-4221-B456-6E2A83A678BB}.Release|Any CPU.Build.0 = Release|Any CPU
		{0FB87EDE-A5B7-4400-8581-027AE3917652}.Debug|Any CPU.ActiveCfg = Debug|Any CPU
		{0FB87EDE-A5B7-4400-8581-027AE3917652}.Debug|Any CPU.Build.0 = Debug|Any CPU
		{0FB87EDE-A5B7-4400-8581-027AE3917652}.Release|Any CPU.ActiveCfg = Release|Any CPU
		{0FB87EDE-A5B7-4400-8581-027AE3917652}.Release|Any CPU.Build.0 = Release|Any CPU
	EndGlobalSection
	GlobalSection(SolutionProperties) = preSolution
		HideSolutionNode = FALSE
	EndGlobalSection
	GlobalSection(NestedProjects) = preSolution
		{81EE1A70-78C9-4588-B695-C8AAF5FEA164} = {F9C08C0B-8CCF-4BDA-B93D-57460401F4A5}
		{FD16A0B9-D1BF-4653-BAF8-1508DD97E50A} = {F9C08C0B-8CCF-4BDA-B93D-57460401F4A5}
		{9E25C208-01E5-4221-B456-6E2A83A678BB} = {F9C08C0B-8CCF-4BDA-B93D-57460401F4A5}
		{0FB87EDE-A5B7-4400-8581-027AE3917652} = {F9C08C0B-8CCF-4BDA-B93D-57460401F4A5}
	EndGlobalSection
EndGlobal
