
Microsoft Visual Studio Solution File, Format Version 12.00
# Visual Studio Version 16
VisualStudioVersion = 16.0.30320.27
MinimumVisualStudioVersion = 10.0.40219.1
Project("{9A19103F-16F7-4668-BE54-9A1E7A4F7556}") = "Nice.DataAccess", "Nice.DataAccess\Nice.DataAccess.csproj", "{9854885D-E33B-46CC-A280-E8393CACE0C8}"
EndProject
Project("{9A19103F-16F7-4668-BE54-9A1E7A4F7556}") = "Nice.DataAccess.Npgsql", "Nice.DataAccess.Npgsql\Nice.DataAccess.Npgsql.csproj", "{21FC1DFE-A7D5-43F6-A0B9-49CDFA7437D7}"
EndProject
Project("{9A19103F-16F7-4668-BE54-9A1E7A4F7556}") = "Nice.DataAccess.MySql", "Nice.DataAccess.MySql\Nice.DataAccess.MySql.csproj", "{65593026-47C4-47CA-AA3B-93DB1A58F465}"
EndProject
Project("{9A19103F-16F7-4668-BE54-9A1E7A4F7556}") = "Nice.DataAccess.MsSql", "Nice.DataAccess.MsSql\Nice.DataAccess.MsSql.csproj", "{E379A249-46AA-4556-B581-9C1E419E2B81}"
EndProject
Project("{9A19103F-16F7-4668-BE54-9A1E7A4F7556}") = "Nice.Code.Demo", "Nice.Code.Demo\Nice.Code.Demo.csproj", "{89612B0B-758E-4F49-AF28-D9F1F083E77A}"
EndProject
Project("{2150E333-8FDC-42A3-9474-1A3956D46DE8}") = "Framework", "Framework", "{27F4ABC0-554B-4616-B407-4CC7B8B695EA}"
EndProject
Project("{FAE04EC0-301F-11D3-BF4B-00C04F79EFBC}") = "Nice.DataAccess", "Framework\Nice.DataAccess\Nice.DataAccess.csproj", "{CAB4653B-CDEC-4F92-BC4A-0081225F5042}"
EndProject
Project("{FAE04EC0-301F-11D3-BF4B-00C04F79EFBC}") = "Nice.DataAccess.MySql", "Framework\Nice.DataAccess.MySql\Nice.DataAccess.MySql.csproj", "{6FA8010C-5488-4C74-A65E-CB62032316AB}"
EndProject
Project("{2150E333-8FDC-42A3-9474-1A3956D46DE8}") = "licenses", "licenses", "{D5282BA0-B195-483C-A443-473785243389}"
	ProjectSection(SolutionItems) = preProject
		LICENSE.txt = LICENSE.txt
	EndProjectSection
EndProject
Global
	GlobalSection(SolutionConfigurationPlatforms) = preSolution
		Debug|Any CPU = Debug|Any CPU
		Release|Any CPU = Release|Any CPU
	EndGlobalSection
	GlobalSection(ProjectConfigurationPlatforms) = postSolution
		{9854885D-E33B-46CC-A280-E8393CACE0C8}.Debug|Any CPU.ActiveCfg = Debug|Any CPU
		{9854885D-E33B-46CC-A280-E8393CACE0C8}.Debug|Any CPU.Build.0 = Debug|Any CPU
		{9854885D-E33B-46CC-A280-E8393CACE0C8}.Release|Any CPU.ActiveCfg = Release|Any CPU
		{9854885D-E33B-46CC-A280-E8393CACE0C8}.Release|Any CPU.Build.0 = Release|Any CPU
		{21FC1DFE-A7D5-43F6-A0B9-49CDFA7437D7}.Debug|Any CPU.ActiveCfg = Debug|Any CPU
		{21FC1DFE-A7D5-43F6-A0B9-49CDFA7437D7}.Debug|Any CPU.Build.0 = Debug|Any CPU
		{21FC1DFE-A7D5-43F6-A0B9-49CDFA7437D7}.Release|Any CPU.ActiveCfg = Release|Any CPU
		{21FC1DFE-A7D5-43F6-A0B9-49CDFA7437D7}.Release|Any CPU.Build.0 = Release|Any CPU
		{65593026-47C4-47CA-AA3B-93DB1A58F465}.Debug|Any CPU.ActiveCfg = Debug|Any CPU
		{65593026-47C4-47CA-AA3B-93DB1A58F465}.Debug|Any CPU.Build.0 = Debug|Any CPU
		{65593026-47C4-47CA-AA3B-93DB1A58F465}.Release|Any CPU.ActiveCfg = Release|Any CPU
		{65593026-47C4-47CA-AA3B-93DB1A58F465}.Release|Any CPU.Build.0 = Release|Any CPU
		{E379A249-46AA-4556-B581-9C1E419E2B81}.Debug|Any CPU.ActiveCfg = Debug|Any CPU
		{E379A249-46AA-4556-B581-9C1E419E2B81}.Debug|Any CPU.Build.0 = Debug|Any CPU
		{E379A249-46AA-4556-B581-9C1E419E2B81}.Release|Any CPU.ActiveCfg = Release|Any CPU
		{E379A249-46AA-4556-B581-9C1E419E2B81}.Release|Any CPU.Build.0 = Release|Any CPU
		{89612B0B-758E-4F49-AF28-D9F1F083E77A}.Debug|Any CPU.ActiveCfg = Debug|Any CPU
		{89612B0B-758E-4F49-AF28-D9F1F083E77A}.Debug|Any CPU.Build.0 = Debug|Any CPU
		{89612B0B-758E-4F49-AF28-D9F1F083E77A}.Release|Any CPU.ActiveCfg = Release|Any CPU
		{89612B0B-758E-4F49-AF28-D9F1F083E77A}.Release|Any CPU.Build.0 = Release|Any CPU
		{CAB4653B-CDEC-4F92-BC4A-0081225F5042}.Debug|Any CPU.ActiveCfg = Debug|Any CPU
		{CAB4653B-CDEC-4F92-BC4A-0081225F5042}.Debug|Any CPU.Build.0 = Debug|Any CPU
		{CAB4653B-CDEC-4F92-BC4A-0081225F5042}.Release|Any CPU.ActiveCfg = Release|Any CPU
		{CAB4653B-CDEC-4F92-BC4A-0081225F5042}.Release|Any CPU.Build.0 = Release|Any CPU
		{6FA8010C-5488-4C74-A65E-CB62032316AB}.Debug|Any CPU.ActiveCfg = Debug|Any CPU
		{6FA8010C-5488-4C74-A65E-CB62032316AB}.Debug|Any CPU.Build.0 = Debug|Any CPU
		{6FA8010C-5488-4C74-A65E-CB62032316AB}.Release|Any CPU.ActiveCfg = Release|Any CPU
		{6FA8010C-5488-4C74-A65E-CB62032316AB}.Release|Any CPU.Build.0 = Release|Any CPU
	EndGlobalSection
	GlobalSection(SolutionProperties) = preSolution
		HideSolutionNode = FALSE
	EndGlobalSection
	GlobalSection(NestedProjects) = preSolution
		{CAB4653B-CDEC-4F92-BC4A-0081225F5042} = {27F4ABC0-554B-4616-B407-4CC7B8B695EA}
		{6FA8010C-5488-4C74-A65E-CB62032316AB} = {27F4ABC0-554B-4616-B407-4CC7B8B695EA}
	EndGlobalSection
	GlobalSection(ExtensibilityGlobals) = postSolution
		SolutionGuid = {963A1CED-75DB-4D50-860D-AD6DA974CD01}
	EndGlobalSection
EndGlobal
